{
  "name": "ionic-tinder-card",
  "version": "0.0.1",
  "lockfileVersion": 1,
  "requires": true,
  "dependencies": {
    "@ionic/core": {
      "version": "5.0.0-beta.5",
      "resolved": "https://registry.npmjs.org/@ionic/core/-/core-5.0.0-beta.5.tgz",
      "integrity": "sha512-SvbIIRJ8TTYvKlBsKSwzwZVwo2oU2jFZnl9MCUZ58v79LM3YyRubS2n6HTqeX0fh+0Hee73Hdx7MsDQjaG57tQ==",
      "requires": {
        "ionicons": "5.0.0-15",
        "tslib": "^1.10.0"
      }
    },
    "@stencil/core": {
      "version": "1.8.4",
      "resolved": "https://registry.npmjs.org/@stencil/core/-/core-1.8.4.tgz",
      "integrity": "sha512-QqMd7PtqsnhZCqflGp1pQNhbMSaqJho9l5ZSZfbl2OP2q1SdVuKUl/vatAT+++Ml7duC6OZCNsvhLvvP6Mr7GQ==",
      "dev": true,
      "requires": {
        "typescript": "3.7.2"
      }
    },
    "ionicons": {
      "version": "5.0.0-15",
      "resolved": "https://registry.npmjs.org/ionicons/-/ionicons-5.0.0-15.tgz",
      "integrity": "sha512-nH8Kgk4oMEZq3NuXySfxatlDxITlkXAWcc9DujzrCSaLVcqQKh51WWp1CkyuQtL14uYxLe1DhsexH6PcUGOM6Q=="
    },
    "tslib": {
      "version": "1.10.0",
      "resolved": "https://registry.npmjs.org/tslib/-/tslib-1.10.0.tgz",
      "integrity": "sha512-qOebF53frne81cf0S9B41ByenJ3/IuH8yJKngAX35CmiZySA0khhkovshKK+jGCaMnVomla7gVlIcc3EvKPbTQ=="
    },
    "typescript": {
      "version": "3.7.2",
      "resolved": "https://registry.npmjs.org/typescript/-/typescript-3.7.2.tgz",
      "integrity": "sha512-ml7V7JfiN2Xwvcer+XAf2csGO1bPBdRbFCkYBczNZggrBZ9c7G3riSUeJmqEU5uOtXNPMhE3n+R4FA/3YOAWOQ==",
      "dev": true
    }
  }
}
